#
# Runtime dependencies are included from requirements.lock. Development-only
# pins and hashes correspond to a Python 3.14 pip-compile resolution of
# requirements-dev.txt against https://pypi.org/simple.
#
-r requirements.lock

httpcore2==2.7.0 \
    --hash=sha256:1452f589fe23f55b44546cd884294c41a29330af902bc0b71a761fd52d18f92b \
    --hash=sha256:6dc0fedf329a52a990930a5579edfebaea81118ea700ea0dd7de2b5e5be49efc
    # via httpx2
httpx2==2.7.0 \
    --hash=sha256:8b30709aed5c8465b0dd3b95c09ce301c8f79e7e7a2d00ab0af551e0d0375b07 \
    --hash=sha256:ed2a2719c696789e09493bd8e2bec3d8bd925cc6e26b68389ec25ade132f7bf4
    # via -r backend/requirements-dev.txt
iniconfig==2.3.0 \
    --hash=sha256:c76315c77db068650d49c5b56314774a7804df16fee4402c1f19d6d15d8c4730 \
    --hash=sha256:f631c04d2c48c52b84d0d0549c99ff3859c98df65b3101406327ecc7d53fbf12
    # via pytest
packaging==26.2 \
    --hash=sha256:5fc45236b9446107ff2415ce77c807cee2862cb6fac22b8a73826d0693b0980e \
    --hash=sha256:ff452ff5a3e828ce110190feff1178bb1f2ea2281fa2075aadb987c2fb221661
    # via pytest
pluggy==1.6.0 \
    --hash=sha256:7dcc130b76258d33b90f61b658791dede3486c3e6bfb003ee5c9bfb396dd22f3 \
    --hash=sha256:e920276dd6813095e9377c0bc5566d94c932c33b27a3e3945d8389c374dd4746
    # via pytest
pygments==2.20.0 \
    --hash=sha256:6757cd03768053ff99f3039c1a36d6c0aa0b263438fcab17520b30a303a82b5f \
    --hash=sha256:81a9e26dd42fd28a23a2d169d86d7ac03b46e2f8b59ed4698fb4785f946d0176
    # via pytest
pytest==9.1.1 \
    --hash=sha256:1088fbde8f2b49d95a549a195707afa7a76a3ce9bcadc26b6d71f0ffda5fe313 \
    --hash=sha256:37a86b45efb9a47a61a36449063e8e18d0cab3161329fc099eb21783169c4f0c
    # via -r backend/requirements-dev.txt
tomli==2.2.1 ; python_version < "3.11" \
    --hash=sha256:a5c57c3d1c56f5ccdf89f6523458f60ef716e210fc47c4cfb188c5ba473e0391 \
    --hash=sha256:cd45e1dc79c835ce5e4fbdfdbba950b9e65e32a9f1de0f16c559e89d0f8f4d15
    # via pytest
truststore==0.10.4 \
    --hash=sha256:9d91bd436463ad5e4ee4aba766628dd6cd7010cf3e2461756b3303710eebc301 \
    --hash=sha256:adaeaecf1cbb5f4de3b1959b42d41f6fab57b2b1666adb59e89cb0b53361d981
    # via
    #   httpcore2
    #   httpx2
